
Microsoft Visual Studio Solution File, Format Version 12.00
Project("{FAE04EC0-301F-11D3-BF4B-00C04F79EFBC}") = "emailBuilder", "emailBuilder\emailBuilder.csproj", "{9622B749-C345-4014-9CF5-73C0930B944D}"
EndProject
Project("{FAE04EC0-301F-11D3-BF4B-00C04F79EFBC}") = "Example", "Example\Example.csproj", "{E78238AA-83AE-4E4F-8E36-846E0EE16300}"
EndProject
Global
	GlobalSection(SolutionConfigurationPlatforms) = preSolution
		Debug|Any CPU = Debug|Any CPU
		Release|Any CPU = Release|Any CPU
	EndGlobalSection
	GlobalSection(ProjectConfigurationPlatforms) = postSolution
		{9622B749-C345-4014-9CF5-73C0930B944D}.Debug|Any CPU.ActiveCfg = Debug|Any CPU
		{9622B749-C345-4014-9CF5-73C0930B944D}.Debug|Any CPU.Build.0 = Debug|Any CPU
		{9622B749-C345-4014-9CF5-73C0930B944D}.Release|Any CPU.ActiveCfg = Release|Any CPU
		{9622B749-C345-4014-9CF5-73C0930B944D}.Release|Any CPU.Build.0 = Release|Any CPU
		{E78238AA-83AE-4E4F-8E36-846E0EE16300}.Debug|Any CPU.ActiveCfg = Debug|Any CPU
		{E78238AA-83AE-4E4F-8E36-846E0EE16300}.Debug|Any CPU.Build.0 = Debug|Any CPU
		{E78238AA-83AE-4E4F-8E36-846E0EE16300}.Release|Any CPU.ActiveCfg = Release|Any CPU
		{E78238AA-83AE-4E4F-8E36-846E0EE16300}.Release|Any CPU.Build.0 = Release|Any CPU
	EndGlobalSection
EndGlobal
